
Microsoft Visual Studio Solution File, Format Version 12.00
# Visual Studio Version 17
VisualStudioVersion = 17.6.33815.320
MinimumVisualStudioVersion = 10.0.40219.1
Project("{FAE04EC0-301F-11D3-BF4B-00C04F79EFBC}") = "SwitchCaseExercise", "SwitchCaseExercise.csproj", "{5FEF3B52-2985-4C25-B815-D073BA8A74CB}"
EndProject
Global
	GlobalSection(SolutionConfigurationPlatforms) = preSolution
		Debug|Any CPU = Debug|Any CPU
		Release|Any CPU = Release|Any CPU
	EndGlobalSection
	GlobalSection(ProjectConfigurationPlatforms) = postSolution
		{5FEF3B52-2985-4C25-B815-D073BA8A74CB}.Debug|Any CPU.ActiveCfg = Debug|Any CPU
		{5FEF3B52-2985-4C25-B815-D073BA8A74CB}.Debug|Any CPU.Build.0 = Debug|Any CPU
		{5FEF3B52-2985-4C25-B815-D073BA8A74CB}.Release|Any CPU.ActiveCfg = Release|Any CPU
		{5FEF3B52-2985-4C25-B815-D073BA8A74CB}.Release|Any CPU.Build.0 = Release|Any CPU
	EndGlobalSection
	GlobalSection(SolutionProperties) = preSolution
		HideSolutionNode = FALSE
	EndGlobalSection
	GlobalSection(ExtensibilityGlobals) = postSolution
		SolutionGuid = {7527265C-359C-435B-BB97-178A0D31D2F3}
	EndGlobalSection
EndGlobal
